<?xml version="1.0" encoding="utf-8"?>
<Project ToolsVersion="4.0" xmlns="http://schemas.microsoft.com/developer/msbuild/2003">
  <ItemGroup>
    <Filter Include="Source Files">
      <UniqueIdentifier>{4FC737F1-C7A5-4376-A066-2A32D752A2FF}</UniqueIdentifier>
      <Extensions>cpp;c;cc;cxx;c++;cppm;ixx;def;odl;idl;hpj;bat;asm;asmx</Extensions>
    </Filter>
    <Filter Include="Header Files">
      <UniqueIdentifier>{93995380-89BD-4b04-88EB-625FBE52EBFB}</UniqueIdentifier>
      <Extensions>h;hh;hpp;hxx;h++;hm;inl;inc;ipp;xsd</Extensions>
    </Filter>
    <Filter Include="Resource Files">
      <UniqueIdentifier>{67DA6AB6-F800-4c08-8B7A-83BB121AAD01}</UniqueIdentifier>
      <Extensions>rc;ico;cur;bmp;dlg;rc2;rct;bin;rgs;gif;jpg;jpeg;jpe;resx;tiff;tif;png;wav;mfcribbon-ms</Extensions>
    </Filter>
    <Filter Include="Source Files\lab03">
      <UniqueIdentifier>{78fa6494-8cff-43ee-8a6b-88ef0c272d16}</UniqueIdentifier>
    </Filter>
    <Filter Include="Source Files\lab03\header">
      <UniqueIdentifier>{f8c97f3c-9779-46c2-81c6-2559bc315a69}</UniqueIdentifier>
    </Filter>
    <Filter Include="Source Files\lab03\c files">
      <UniqueIdentifier>{0eeec393-30b8-4264-8bf8-0925c0ea743e}</UniqueIdentifier>
    </Filter>
  </ItemGroup>
  <ItemGroup>
    <ClInclude Include="..\OOP\repo.h">
      <Filter>Source Files\lab03\header</Filter>
    </ClInclude>
  </ItemGroup>
  <ItemGroup>
    <ClCompile Include="..\OOP\controller.c">
      <Filter>Source Files\lab03\c files</Filter>
    </ClCompile>
    <ClCompile Include="..\OOP\entities.c">
      <Filter>Source Files\lab03\c files</Filter>
    </ClCompile>
    <ClCompile Include="..\OOP\ui.c">
      <Filter>Source Files\lab03\c files</Filter>
    </ClCompile>
    <ClCompile Include="..\OOP\repo.c">
      <Filter>Source Files\lab03\c files</Filter>
    </ClCompile>
    <ClCompile Include="..\OOP\run.c">
      <Filter>Source Files\lab03</Filter>
    </ClCompile>
  </ItemGroup>
</Project>